
Microsoft Visual Studio Solution File, Format Version 12.00
# Visual Studio Version 17
VisualStudioVersion = 17.0.32126.317
MinimumVisualStudioVersion = 10.0.40219.1
Project("{FAE04EC0-301F-11D3-BF4B-00C04F79EFBC}") = "MatrixCRUD", "MatrixCRUD.csproj", "{AD8E264B-FE4A-4389-8D48-1238F6477453}"
EndProject
Global
	GlobalSection(SolutionConfigurationPlatforms) = preSolution
		Debug|Any CPU = Debug|Any CPU
		Release|Any CPU = Release|Any CPU
	EndGlobalSection
	GlobalSection(ProjectConfigurationPlatforms) = postSolution
		{AD8E264B-FE4A-4389-8D48-1238F6477453}.Debug|Any CPU.ActiveCfg = Debug|Any CPU
		{AD8E264B-FE4A-4389-8D48-1238F6477453}.Debug|Any CPU.Build.0 = Debug|Any CPU
		{AD8E264B-FE4A-4389-8D48-1238F6477453}.Release|Any CPU.ActiveCfg = Release|Any CPU
		{AD8E264B-FE4A-4389-8D48-1238F6477453}.Release|Any CPU.Build.0 = Release|Any CPU
	EndGlobalSection
	GlobalSection(SolutionProperties) = preSolution
		HideSolutionNode = FALSE
	EndGlobalSection
	GlobalSection(ExtensibilityGlobals) = postSolution
		SolutionGuid = {7FCD3D5D-FCB2-4378-8FDB-E77EE35C8705}
	EndGlobalSection
EndGlobal
